
Microsoft Visual Studio Solution File, Format Version 11.00
# Visual Studio 2010
Project("{FAE04EC0-301F-11D3-BF4B-00C04F79EFBC}") = "Unity.Timeline", "Unity.Timeline.csproj", "{56028b3b-88d1-c640-e77d-26ca27a927f1}"
EndProject
Project("{FAE04EC0-301F-11D3-BF4B-00C04F79EFBC}") = "Unity.Timeline.Editor", "Unity.Timeline.Editor.csproj", "{6d693ae8-9e84-5e0e-d7a9-b3b3323e1877}"
EndProject
Project("{FAE04EC0-301F-11D3-BF4B-00C04F79EFBC}") = "Unity.TextMeshPro.Editor", "Unity.TextMeshPro.Editor.csproj", "{ed9cb193-2431-cc60-f468-9aabd7944205}"
EndProject
Project("{FAE04EC0-301F-11D3-BF4B-00C04F79EFBC}") = "Unity.VisualScripting.Flow", "Unity.VisualScripting.Flow.csproj", "{8333146a-d97a-579d-3e6e-fe10bc5256f2}"
EndProject
Project("{FAE04EC0-301F-11D3-BF4B-00C04F79EFBC}") = "UnityEditor.UI", "UnityEditor.UI.csproj", "{5cef18da-f6a0-7f7e-4c32-f920bf38e763}"
EndProject
Project("{FAE04EC0-301F-11D3-BF4B-00C04F79EFBC}") = "Unity.PlasticSCM.Editor", "Unity.PlasticSCM.Editor.csproj", "{376b970b-f213-8e59-879f-aa9403438e6f}"
EndProject
Project("{FAE04EC0-301F-11D3-BF4B-00C04F79EFBC}") = "Unity.VisualScripting.Core", "Unity.VisualScripting.Core.csproj", "{ca66ba63-38c1-03cc-4c19-8b811fc47cec}"
EndProject
Project("{FAE04EC0-301F-11D3-BF4B-00C04F79EFBC}") = "Unity.VisualScripting.Core.Editor", "Unity.VisualScripting.Core.Editor.csproj", "{4d0846f9-7e7f-0f28-6c81-a2503d861cd7}"
EndProject
Project("{FAE04EC0-301F-11D3-BF4B-00C04F79EFBC}") = "Unity.VisualScripting.Flow.Editor", "Unity.VisualScripting.Flow.Editor.csproj", "{d792bae8-f064-8c77-ae2a-228f2ea8e7aa}"
EndProject
Project("{FAE04EC0-301F-11D3-BF4B-00C04F79EFBC}") = "UnityEditor.TestRunner", "UnityEditor.TestRunner.csproj", "{1f3aa27f-99f3-56ae-6b6f-a36ec47283e4}"
EndProject
Project("{FAE04EC0-301F-11D3-BF4B-00C04F79EFBC}") = "Unity.VisualScripting.SettingsProvider.Editor", "Unity.VisualScripting.SettingsProvider.Editor.csproj", "{7c2b05fc-100c-770f-6685-be1c03545eca}"
EndProject
Project("{FAE04EC0-301F-11D3-BF4B-00C04F79EFBC}") = "UnityEngine.TestRunner", "UnityEngine.TestRunner.csproj", "{1c219312-857e-3370-399e-fcd355e8950e}"
EndProject
Project("{FAE04EC0-301F-11D3-BF4B-00C04F79EFBC}") = "UnityEngine.UI", "UnityEngine.UI.csproj", "{456e1ff4-1d58-0b42-7f00-087fa2857b95}"
EndProject
Project("{FAE04EC0-301F-11D3-BF4B-00C04F79EFBC}") = "Unity.VisualStudio.Editor", "Unity.VisualStudio.Editor.csproj", "{44a626f1-4e60-9ec5-3909-416ca188a2a3}"
EndProject
Project("{FAE04EC0-301F-11D3-BF4B-00C04F79EFBC}") = "Unity.TestTools.CodeCoverage.Editor.OpenCover.Model", "Unity.TestTools.CodeCoverage.Editor.OpenCover.Model.csproj", "{1aa9d6a2-b10e-2dce-ac35-433aaac229f1}"
EndProject
Project("{FAE04EC0-301F-11D3-BF4B-00C04F79EFBC}") = "Unity.Rider.Editor", "Unity.Rider.Editor.csproj", "{fe0f6490-f87a-3ee5-6583-16c4893b24af}"
EndProject
Project("{FAE04EC0-301F-11D3-BF4B-00C04F79EFBC}") = "Unity.VisualScripting.State.Editor", "Unity.VisualScripting.State.Editor.csproj", "{9245578b-9adc-c4b8-e69c-0178390ce486}"
EndProject
Project("{FAE04EC0-301F-11D3-BF4B-00C04F79EFBC}") = "Unity.TestTools.CodeCoverage.Editor", "Unity.TestTools.CodeCoverage.Editor.csproj", "{9b31df1a-8249-b0a5-da1f-49265e0b8f92}"
EndProject
Project("{FAE04EC0-301F-11D3-BF4B-00C04F79EFBC}") = "Unity.VisualScripting.State", "Unity.VisualScripting.State.csproj", "{bee60445-5cda-1746-937e-5a731f9f6140}"
EndProject
Project("{FAE04EC0-301F-11D3-BF4B-00C04F79EFBC}") = "Unity.TextMeshPro", "Unity.TextMeshPro.csproj", "{ae8e9f44-b03b-bdbb-8b79-e6411ebdd142}"
EndProject
Project("{FAE04EC0-301F-11D3-BF4B-00C04F79EFBC}") = "Unity.Performance.Profile-Analyzer.Editor", "Unity.Performance.Profile-Analyzer.Editor.csproj", "{55c338e1-4640-27d0-ee42-0ba5b564d6a8}"
EndProject
Project("{FAE04EC0-301F-11D3-BF4B-00C04F79EFBC}") = "Unity.VSCode.Editor", "Unity.VSCode.Editor.csproj", "{c7f465ad-d8b1-1b5e-376e-ac6505fabc20}"
EndProject
Project("{FAE04EC0-301F-11D3-BF4B-00C04F79EFBC}") = "Unity.TestTools.CodeCoverage.Editor.OpenCover.Mono.Reflection", "Unity.TestTools.CodeCoverage.Editor.OpenCover.Mono.Reflection.csproj", "{dae26629-c43b-cadd-b178-f9f5d61fdf25}"
EndProject
Project("{FAE04EC0-301F-11D3-BF4B-00C04F79EFBC}") = "Unity.Settings.Editor", "Unity.Settings.Editor.csproj", "{a27304ce-0ad8-029b-c6aa-15721dd1b630}"
EndProject
Project("{FAE04EC0-301F-11D3-BF4B-00C04F79EFBC}") = "Unity.EditorCoroutines.Editor", "Unity.EditorCoroutines.Editor.csproj", "{1a7bd418-da74-4925-fb79-a6ffd22ca50d}"
EndProject
Project("{FAE04EC0-301F-11D3-BF4B-00C04F79EFBC}") = "Unity.VisualScripting.Shared.Editor", "Unity.VisualScripting.Shared.Editor.csproj", "{2d3646ee-c858-976c-d485-adb17011e3f1}"
EndProject
Project("{FAE04EC0-301F-11D3-BF4B-00C04F79EFBC}") = "Unity.CollabProxy.Editor", "Unity.CollabProxy.Editor.csproj", "{4d67c0ec-ebe0-c28e-ab45-b4992847bc3d}"
EndProject
Global
	GlobalSection(SolutionConfigurationPlatforms) = preSolution
		Debug|Any CPU = Debug|Any CPU
	EndGlobalSection
	GlobalSection(ProjectConfigurationPlatforms) = postSolution
		{56028b3b-88d1-c640-e77d-26ca27a927f1}.Debug|Any CPU.ActiveCfg = Debug|Any CPU
		{56028b3b-88d1-c640-e77d-26ca27a927f1}.Debug|Any CPU.Build.0 = Debug|Any CPU
		{6d693ae8-9e84-5e0e-d7a9-b3b3323e1877}.Debug|Any CPU.ActiveCfg = Debug|Any CPU
		{6d693ae8-9e84-5e0e-d7a9-b3b3323e1877}.Debug|Any CPU.Build.0 = Debug|Any CPU
		{ed9cb193-2431-cc60-f468-9aabd7944205}.Debug|Any CPU.ActiveCfg = Debug|Any CPU
		{ed9cb193-2431-cc60-f468-9aabd7944205}.Debug|Any CPU.Build.0 = Debug|Any CPU
		{8333146a-d97a-579d-3e6e-fe10bc5256f2}.Debug|Any CPU.ActiveCfg = Debug|Any CPU
		{8333146a-d97a-579d-3e6e-fe10bc5256f2}.Debug|Any CPU.Build.0 = Debug|Any CPU
		{5cef18da-f6a0-7f7e-4c32-f920bf38e763}.Debug|Any CPU.ActiveCfg = Debug|Any CPU
		{5cef18da-f6a0-7f7e-4c32-f920bf38e763}.Debug|Any CPU.Build.0 = Debug|Any CPU
		{376b970b-f213-8e59-879f-aa9403438e6f}.Debug|Any CPU.ActiveCfg = Debug|Any CPU
		{376b970b-f213-8e59-879f-aa9403438e6f}.Debug|Any CPU.Build.0 = Debug|Any CPU
		{ca66ba63-38c1-03cc-4c19-8b811fc47cec}.Debug|Any CPU.ActiveCfg = Debug|Any CPU
		{ca66ba63-38c1-03cc-4c19-8b811fc47cec}.Debug|Any CPU.Build.0 = Debug|Any CPU
		{4d0846f9-7e7f-0f28-6c81-a2503d861cd7}.Debug|Any CPU.ActiveCfg = Debug|Any CPU
		{4d0846f9-7e7f-0f28-6c81-a2503d861cd7}.Debug|Any CPU.Build.0 = Debug|Any CPU
		{d792bae8-f064-8c77-ae2a-228f2ea8e7aa}.Debug|Any CPU.ActiveCfg = Debug|Any CPU
		{d792bae8-f064-8c77-ae2a-228f2ea8e7aa}.Debug|Any CPU.Build.0 = Debug|Any CPU
		{1f3aa27f-99f3-56ae-6b6f-a36ec47283e4}.Debug|Any CPU.ActiveCfg = Debug|Any CPU
		{1f3aa27f-99f3-56ae-6b6f-a36ec47283e4}.Debug|Any CPU.Build.0 = Debug|Any CPU
		{7c2b05fc-100c-770f-6685-be1c03545eca}.Debug|Any CPU.ActiveCfg = Debug|Any CPU
		{7c2b05fc-100c-770f-6685-be1c03545eca}.Debug|Any CPU.Build.0 = Debug|Any CPU
		{1c219312-857e-3370-399e-fcd355e8950e}.Debug|Any CPU.ActiveCfg = Debug|Any CPU
		{1c219312-857e-3370-399e-fcd355e8950e}.Debug|Any CPU.Build.0 = Debug|Any CPU
		{456e1ff4-1d58-0b42-7f00-087fa2857b95}.Debug|Any CPU.ActiveCfg = Debug|Any CPU
		{456e1ff4-1d58-0b42-7f00-087fa2857b95}.Debug|Any CPU.Build.0 = Debug|Any CPU
		{44a626f1-4e60-9ec5-3909-416ca188a2a3}.Debug|Any CPU.ActiveCfg = Debug|Any CPU
		{44a626f1-4e60-9ec5-3909-416ca188a2a3}.Debug|Any CPU.Build.0 = Debug|Any CPU
		{1aa9d6a2-b10e-2dce-ac35-433aaac229f1}.Debug|Any CPU.ActiveCfg = Debug|Any CPU
		{1aa9d6a2-b10e-2dce-ac35-433aaac229f1}.Debug|Any CPU.Build.0 = Debug|Any CPU
		{fe0f6490-f87a-3ee5-6583-16c4893b24af}.Debug|Any CPU.ActiveCfg = Debug|Any CPU
		{fe0f6490-f87a-3ee5-6583-16c4893b24af}.Debug|Any CPU.Build.0 = Debug|Any CPU
		{9245578b-9adc-c4b8-e69c-0178390ce486}.Debug|Any CPU.ActiveCfg = Debug|Any CPU
		{9245578b-9adc-c4b8-e69c-0178390ce486}.Debug|Any CPU.Build.0 = Debug|Any CPU
		{9b31df1a-8249-b0a5-da1f-49265e0b8f92}.Debug|Any CPU.ActiveCfg = Debug|Any CPU
		{9b31df1a-8249-b0a5-da1f-49265e0b8f92}.Debug|Any CPU.Build.0 = Debug|Any CPU
		{bee60445-5cda-1746-937e-5a731f9f6140}.Debug|Any CPU.ActiveCfg = Debug|Any CPU
		{bee60445-5cda-1746-937e-5a731f9f6140}.Debug|Any CPU.Build.0 = Debug|Any CPU
		{ae8e9f44-b03b-bdbb-8b79-e6411ebdd142}.Debug|Any CPU.ActiveCfg = Debug|Any CPU
		{ae8e9f44-b03b-bdbb-8b79-e6411ebdd142}.Debug|Any CPU.Build.0 = Debug|Any CPU
		{55c338e1-4640-27d0-ee42-0ba5b564d6a8}.Debug|Any CPU.ActiveCfg = Debug|Any CPU
		{55c338e1-4640-27d0-ee42-0ba5b564d6a8}.Debug|Any CPU.Build.0 = Debug|Any CPU
		{c7f465ad-d8b1-1b5e-376e-ac6505fabc20}.Debug|Any CPU.ActiveCfg = Debug|Any CPU
		{c7f465ad-d8b1-1b5e-376e-ac6505fabc20}.Debug|Any CPU.Build.0 = Debug|Any CPU
		{dae26629-c43b-cadd-b178-f9f5d61fdf25}.Debug|Any CPU.ActiveCfg = Debug|Any CPU
		{dae26629-c43b-cadd-b178-f9f5d61fdf25}.Debug|Any CPU.Build.0 = Debug|Any CPU
		{a27304ce-0ad8-029b-c6aa-15721dd1b630}.Debug|Any CPU.ActiveCfg = Debug|Any CPU
		{a27304ce-0ad8-029b-c6aa-15721dd1b630}.Debug|Any CPU.Build.0 = Debug|Any CPU
		{1a7bd418-da74-4925-fb79-a6ffd22ca50d}.Debug|Any CPU.ActiveCfg = Debug|Any CPU
		{1a7bd418-da74-4925-fb79-a6ffd22ca50d}.Debug|Any CPU.Build.0 = Debug|Any CPU
		{2d3646ee-c858-976c-d485-adb17011e3f1}.Debug|Any CPU.ActiveCfg = Debug|Any CPU
		{2d3646ee-c858-976c-d485-adb17011e3f1}.Debug|Any CPU.Build.0 = Debug|Any CPU
		{4d67c0ec-ebe0-c28e-ab45-b4992847bc3d}.Debug|Any CPU.ActiveCfg = Debug|Any CPU
		{4d67c0ec-ebe0-c28e-ab45-b4992847bc3d}.Debug|Any CPU.Build.0 = Debug|Any CPU
	EndGlobalSection
	GlobalSection(SolutionProperties) = preSolution
		HideSolutionNode = FALSE
	EndGlobalSection
EndGlobal
